// !$*UTF8*$!
{
	archiveVersion = 1;
	classes = {
	};
	objectVersion = 55;
	objects = {

/* Begin PBXBuildFile section */
		1F909B6A2805DCE200DF11BF /* SwiftUITextFieldValidationApp.swift in Sources */ = {isa = PBXBuildFile; fileRef = 1F909B692805DCE200DF11BF /* SwiftUITextFieldValidationApp.swift */; };
		1F909B6C2805DCE200DF11BF /* ContentView.swift in Sources */ = {isa = PBXBuildFile; fileRef = 1F909B6B2805DCE200DF11BF /* ContentView.swift */; };
		1F909B6E2805DCE300DF11BF /* Assets.xcassets in Resources */ = {isa = PBXBuildFile; fileRef = 1F909B6D2805DCE300DF11BF /* Assets.xcassets */; };
		1F909B712805DCE300DF11BF /* Preview Assets.xcassets in Resources */ = {isa = PBXBuildFile; fileRef = 1F909B702805DCE300DF11BF /* Preview Assets.xcassets */; };
		1F909B792805DD4100DF11BF /* Model.xcdatamodeld in Sources */ = {isa = PBXBuildFile; fileRef = 1F909B772805DD4100DF11BF /* Model.xcdatamodeld */; };
		1F909B7B2805DD7400DF11BF /* Item.swift in Sources */ = {isa = PBXBuildFile; fileRef = 1F909B7A2805DD7400DF11BF /* Item.swift */; };
		1F909B7D2805DDE300DF11BF /* DataStore.swift in Sources */ = {isa = PBXBuildFile; fileRef = 1F909B7C2805DDE300DF11BF /* DataStore.swift */; };
		1F909B7F2805DEF300DF11BF /* WrappedTextField.swift in Sources */ = {isa = PBXBuildFile; fileRef = 1F909B7E2805DEF300DF11BF /* WrappedTextField.swift */; };
		1F909B812805DF8E00DF11BF /* ItemNameTextField.swift in Sources */ = {isa = PBXBuildFile; fileRef = 1F909B802805DF8E00DF11BF /* ItemNameTextField.swift */; };
		1F909B832805E00700DF11BF /* Validator.swift in Sources */ = {isa = PBXBuildFile; fileRef = 1F909B822805E00700DF11BF /* Validator.swift */; };
		1F909B852805E0B400DF11BF /* EditingToolbar.swift in Sources */ = {isa = PBXBuildFile; fileRef = 1F909B842805E0B400DF11BF /* EditingToolbar.swift */; };
		1F909B872805E1B100DF11BF /* ItemList.swift in Sources */ = {isa = PBXBuildFile; fileRef = 1F909B862805E1B100DF11BF /* ItemList.swift */; };
		1F909B892806046700DF11BF /* ItemView.swift in Sources */ = {isa = PBXBuildFile; fileRef = 1F909B882806046700DF11BF /* ItemView.swift */; };
		1F909B8C28060E2800DF11BF /* LICENSE in Resources */ = {isa = PBXBuildFile; fileRef = 1F909B8A28060E2800DF11BF /* LICENSE */; };
		1F909B8D28060E2800DF11BF /* README.md in Resources */ = {isa = PBXBuildFile; fileRef = 1F909B8B28060E2800DF11BF /* README.md */; };
/* End PBXBuildFile section */

/* Begin PBXFileReference section */
		1F909B662805DCE200DF11BF /* SwiftUITextFieldValidation.app */ = {isa = PBXFileReference; explicitFileType = wrapper.application; includeInIndex = 0; path = SwiftUITextFieldValidation.app; sourceTree = BUILT_PRODUCTS_DIR; };
		1F909B692805DCE200DF11BF /* SwiftUITextFieldValidationApp.swift */ = {isa = PBXFileReference; lastKnownFileType = sourcecode.swift; path = SwiftUITextFieldValidationApp.swift; sourceTree = "<group>"; };
		1F909B6B2805DCE200DF11BF /* ContentView.swift */ = {isa = PBXFileReference; lastKnownFileType = sourcecode.swift; path = ContentView.swift; sourceTree = "<group>"; };
		1F909B6D2805DCE300DF11BF /* Assets.xcassets */ = {isa = PBXFileReference; lastKnownFileType = folder.assetcatalog; path = Assets.xcassets; sourceTree = "<group>"; };
		1F909B702805DCE300DF11BF /* Preview Assets.xcassets */ = {isa = PBXFileReference; lastKnownFileType = folder.assetcatalog; path = "Preview Assets.xcassets"; sourceTree = "<group>"; };
		1F909B782805DD4100DF11BF /* Model.xcdatamodel */ = {isa = PBXFileReference; lastKnownFileType = wrapper.xcdatamodel; path = Model.xcdatamodel; sourceTree = "<group>"; };
		1F909B7A2805DD7400DF11BF /* Item.swift */ = {isa = PBXFileReference; lastKnownFileType = sourcecode.swift; path = Item.swift; sourceTree = "<group>"; };
		1F909B7C2805DDE300DF11BF /* DataStore.swift */ = {isa = PBXFileReference; lastKnownFileType = sourcecode.swift; path = DataStore.swift; sourceTree = "<group>"; };
		1F909B7E2805DEF300DF11BF /* WrappedTextField.swift */ = {isa = PBXFileReference; lastKnownFileType = sourcecode.swift; path = WrappedTextField.swift; sourceTree = "<group>"; };
		1F909B802805DF8E00DF11BF /* ItemNameTextField.swift */ = {isa = PBXFileReference; lastKnownFileType = sourcecode.swift; path = ItemNameTextField.swift; sourceTree = "<group>"; };
		1F909B822805E00700DF11BF /* Validator.swift */ = {isa = PBXFileReference; lastKnownFileType = sourcecode.swift; path = Validator.swift; sourceTree = "<group>"; };
		1F909B842805E0B400DF11BF /* EditingToolbar.swift */ = {isa = PBXFileReference; lastKnownFileType = sourcecode.swift; path = EditingToolbar.swift; sourceTree = "<group>"; };
		1F909B862805E1B100DF11BF /* ItemList.swift */ = {isa = PBXFileReference; lastKnownFileType = sourcecode.swift; path = ItemList.swift; sourceTree = "<group>"; };
		1F909B882806046700DF11BF /* ItemView.swift */ = {isa = PBXFileReference; lastKnownFileType = sourcecode.swift; path = ItemView.swift; sourceTree = "<group>"; };
		1F909B8A28060E2800DF11BF /* LICENSE */ = {isa = PBXFileReference; fileEncoding = 4; lastKnownFileType = text; path = LICENSE; sourceTree = "<group>"; };
		1F909B8B28060E2800DF11BF /* README.md */ = {isa = PBXFileReference; fileEncoding = 4; lastKnownFileType = net.daringfireball.markdown; path = README.md; sourceTree = "<group>"; };
/* End PBXFileReference section */

/* Begin PBXFrameworksBuildPhase section */
		1F909B632805DCE200DF11BF /* Frameworks */ = {
			isa = PBXFrameworksBuildPhase;
			buildActionMask = 2147483647;
			files = (
			);
			runOnlyForDeploymentPostprocessing = 0;
		};
/* End PBXFrameworksBuildPhase section */

/* Begin PBXGroup section */
		1F909B5D2805DCE200DF11BF = {
			isa = PBXGroup;
			children = (
				1F909B8A28060E2800DF11BF /* LICENSE */,
				1F909B8B28060E2800DF11BF /* README.md */,
				1F909B682805DCE200DF11BF /* SwiftUITextFieldValidation */,
				1F909B672805DCE200DF11BF /* Products */,
			);
			sourceTree = "<group>";
		};
		1F909B672805DCE200DF11BF /* Products */ = {
			isa = PBXGroup;
			children = (
				1F909B662805DCE200DF11BF /* SwiftUITextFieldValidation.app */,
			);
			name = Products;
			sourceTree = "<group>";
		};
		1F909B682805DCE200DF11BF /* SwiftUITextFieldValidation */ = {
			isa = PBXGroup;
			children = (
				1F909B692805DCE200DF11BF /* SwiftUITextFieldValidationApp.swift */,
				1F909B6B2805DCE200DF11BF /* ContentView.swift */,
				1F909B862805E1B100DF11BF /* ItemList.swift */,
				1F909B882806046700DF11BF /* ItemView.swift */,
				1F909B842805E0B400DF11BF /* EditingToolbar.swift */,
				1F909B822805E00700DF11BF /* Validator.swift */,
				1F909B7E2805DEF300DF11BF /* WrappedTextField.swift */,
				1F909B802805DF8E00DF11BF /* ItemNameTextField.swift */,
				1F909B772805DD4100DF11BF /* Model.xcdatamodeld */,
				1F909B7C2805DDE300DF11BF /* DataStore.swift */,
				1F909B7A2805DD7400DF11BF /* Item.swift */,
				1F909B6D2805DCE300DF11BF /* Assets.xcassets */,
				1F909B6F2805DCE300DF11BF /* Preview Content */,
			);
			path = SwiftUITextFieldValidation;
			sourceTree = "<group>";
		};
		1F909B6F2805DCE300DF11BF /* Preview Content */ = {
			isa = PBXGroup;
			children = (
				1F909B702805DCE300DF11BF /* Preview Assets.xcassets */,
			);
			path = "Preview Content";
			sourceTree = "<group>";
		};
/* End PBXGroup section */

/* Begin PBXNativeTarget section */
		1F909B652805DCE200DF11BF /* SwiftUITextFieldValidation */ = {
			isa = PBXNativeTarget;
			buildConfigurationList = 1F909B742805DCE300DF11BF /* Build configuration list for PBXNativeTarget "SwiftUITextFieldValidation" */;
			buildPhases = (
				1F909B622805DCE200DF11BF /* Sources */,
				1F909B632805DCE200DF11BF /* Frameworks */,
				1F909B642805DCE200DF11BF /* Resources */,
			);
			buildRules = (
			);
			dependencies = (
			);
			name = SwiftUITextFieldValidation;
			productName = SwiftUITextFieldValidation;
			productReference = 1F909B662805DCE200DF11BF /* SwiftUITextFieldValidation.app */;
			productType = "com.apple.product-type.application";
		};
/* End PBXNativeTarget section */

/* Begin PBXProject section */
		1F909B5E2805DCE200DF11BF /* Project object */ = {
			isa = PBXProject;
			attributes = {
				BuildIndependentTargetsInParallel = 1;
				LastSwiftUpdateCheck = 1330;
				LastUpgradeCheck = 1330;
				TargetAttributes = {
					1F909B652805DCE200DF11BF = {
						CreatedOnToolsVersion = 13.3;
					};
				};
			};
			buildConfigurationList = 1F909B612805DCE200DF11BF /* Build configuration list for PBXProject "SwiftUITextFieldValidation" */;
			compatibilityVersion = "Xcode 13.0";
			developmentRegion = en;
			hasScannedForEncodings = 0;
			knownRegions = (
				en,
				Base,
			);
			mainGroup = 1F909B5D2805DCE200DF11BF;
			productRefGroup = 1F909B672805DCE200DF11BF /* Products */;
			projectDirPath = "";
			projectRoot = "";
			targets = (
				1F909B652805DCE200DF11BF /* SwiftUITextFieldValidation */,
			);
		};
/* End PBXProject section */

/* Begin PBXResourcesBuildPhase section */
		1F909B642805DCE200DF11BF /* Resources */ = {
			isa = PBXResourcesBuildPhase;
			buildActionMask = 2147483647;
			files = (
				1F909B8C28060E2800DF11BF /* LICENSE in Resources */,
				1F909B712805DCE300DF11BF /* Preview Assets.xcassets in Resources */,
				1F909B8D28060E2800DF11BF /* README.md in Resources */,
				1F909B6E2805DCE300DF11BF /* Assets.xcassets in Resources */,
			);
			runOnlyForDeploymentPostprocessing = 0;
		};
/* End PBXResourcesBuildPhase section */

/* Begin PBXSourcesBuildPhase section */
		1F909B622805DCE200DF11BF /* Sources */ = {
			isa = PBXSourcesBuildPhase;
			buildActionMask = 2147483647;
			files = (
				1F909B7B2805DD7400DF11BF /* Item.swift in Sources */,
				1F909B6C2805DCE200DF11BF /* ContentView.swift in Sources */,
				1F909B6A2805DCE200DF11BF /* SwiftUITextFieldValidationApp.swift in Sources */,
				1F909B832805E00700DF11BF /* Validator.swift in Sources */,
				1F909B7F2805DEF300DF11BF /* WrappedTextField.swift in Sources */,
				1F909B892806046700DF11BF /* ItemView.swift in Sources */,
				1F909B7D2805DDE300DF11BF /* DataStore.swift in Sources */,
				1F909B872805E1B100DF11BF /* ItemList.swift in Sources */,
				1F909B792805DD4100DF11BF /* Model.xcdatamodeld in Sources */,
				1F909B812805DF8E00DF11BF /* ItemNameTextField.swift in Sources */,
				1F909B852805E0B400DF11BF /* EditingToolbar.swift in Sources */,
			);
			runOnlyForDeploymentPostprocessing = 0;
		};
/* End PBXSourcesBuildPhase section */

/* Begin XCBuildConfiguration section */
		1F909B722805DCE300DF11BF /* Debug */ = {
			isa = XCBuildConfiguration;
			buildSettings = {
				ALWAYS_SEARCH_USER_PATHS = NO;
				CLANG_ANALYZER_NONNULL = YES;
				CLANG_ANALYZER_NUMBER_OBJECT_CONVERSION = YES_AGGRESSIVE;
				CLANG_CXX_LANGUAGE_STANDARD = "gnu++17";
				CLANG_ENABLE_MODULES = YES;
				CLANG_ENABLE_OBJC_ARC = YES;
				CLANG_ENABLE_OBJC_WEAK = YES;
				CLANG_WARN_BLOCK_CAPTURE_AUTORELEASING = YES;
				CLANG_WARN_BOOL_CONVERSION = YES;
				CLANG_WARN_COMMA = YES;
				CLANG_WARN_CONSTANT_CONVERSION = YES;
				CLANG_WARN_DEPRECATED_OBJC_IMPLEMENTATIONS = YES;
				CLANG_WARN_DIRECT_OBJC_ISA_USAGE = YES_ERROR;
				CLANG_WARN_DOCUMENTATION_COMMENTS = YES;
				CLANG_WARN_EMPTY_BODY = YES;
				CLANG_WARN_ENUM_CONVERSION = YES;
				CLANG_WARN_INFINITE_RECURSION = YES;
				CLANG_WARN_INT_CONVERSION = YES;
				CLANG_WARN_NON_LITERAL_NULL_CONVERSION = YES;
				CLANG_WARN_OBJC_IMPLICIT_RETAIN_SELF = YES;
				CLANG_WARN_OBJC_LITERAL_CONVERSION = YES;
				CLANG_WARN_OBJC_ROOT_CLASS = YES_ERROR;
				CLANG_WARN_QUOTED_INCLUDE_IN_FRAMEWORK_HEADER = YES;
				CLANG_WARN_RANGE_LOOP_ANALYSIS = YES;
				CLANG_WARN_STRICT_PROTOTYPES = YES;
				CLANG_WARN_SUSPICIOUS_MOVE = YES;
				CLANG_WARN_UNGUARDED_AVAILABILITY = YES_AGGRESSIVE;
				CLANG_WARN_UNREACHABLE_CODE = YES;
				CLANG_WARN__DUPLICATE_METHOD_MATCH = YES;
				COPY_PHASE_STRIP = NO;
				DEBUG_INFORMATION_FORMAT = dwarf;
				ENABLE_STRICT_OBJC_MSGSEND = YES;
				ENABLE_TESTABILITY = YES;
				GCC_C_LANGUAGE_STANDARD = gnu11;
				GCC_DYNAMIC_NO_PIC = NO;
				GCC_NO_COMMON_BLOCKS = YES;
				GCC_OPTIMIZATION_LEVEL = 0;
				GCC_PREPROCESSOR_DEFINITIONS = (
					"DEBUG=1",
					"$(inherited)",
				);
				GCC_WARN_64_TO_32_BIT_CONVERSION = YES;
				GCC_WARN_ABOUT_RETURN_TYPE = YES_ERROR;
				GCC_WARN_UNDECLARED_SELECTOR = YES;
				GCC_WARN_UNINITIALIZED_AUTOS = YES_AGGRESSIVE;
				GCC_WARN_UNUSED_FUNCTION = YES;
				GCC_WARN_UNUSED_VARIABLE = YES;
				IPHONEOS_DEPLOYMENT_TARGET = 15.4;
				MTL_ENABLE_DEBUG_INFO = INCLUDE_SOURCE;
				MTL_FAST_MATH = YES;
				ONLY_ACTIVE_ARCH = YES;
				SDKROOT = iphoneos;
				SWIFT_ACTIVE_COMPILATION_CONDITIONS = DEBUG;
				SWIFT_OPTIMIZATION_LEVEL = "-Onone";
			};
			name = Debug;
		};
		1F909B732805DCE300DF11BF /* Release */ = {
			isa = XCBuildConfiguration;
			buildSettings = {
				ALWAYS_SEARCH_USER_PATHS = NO;
				CLANG_ANALYZER_NONNULL = YES;
				CLANG_ANALYZER_NUMBER_OBJECT_CONVERSION = YES_AGGRESSIVE;
				CLANG_CXX_LANGUAGE_STANDARD = "gnu++17";
				CLANG_ENABLE_MODULES = YES;
				CLANG_ENABLE_OBJC_ARC = YES;
				CLANG_ENABLE_OBJC_WEAK = YES;
				CLANG_WARN_BLOCK_CAPTURE_AUTORELEASING = YES;
				CLANG_WARN_BOOL_CONVERSION = YES;
				CLANG_WARN_COMMA = YES;
				CLANG_WARN_CONSTANT_CONVERSION = YES;
				CLANG_WARN_DEPRECATED_OBJC_IMPLEMENTATIONS = YES;
				CLANG_WARN_DIRECT_OBJC_ISA_USAGE = YES_ERROR;
				CLANG_WARN_DOCUMENTATION_COMMENTS = YES;
				CLANG_WARN_EMPTY_BODY = YES;
				CLANG_WARN_ENUM_CONVERSION = YES;
				CLANG_WARN_INFINITE_RECURSION = YES;
				CLANG_WARN_INT_CONVERSION = YES;
				CLANG_WARN_NON_LITERAL_NULL_CONVERSION = YES;
				CLANG_WARN_OBJC_IMPLICIT_RETAIN_SELF = YES;
				CLANG_WARN_OBJC_LITERAL_CONVERSION = YES;
				CLANG_WARN_OBJC_ROOT_CLASS = YES_ERROR;
				CLANG_WARN_QUOTED_INCLUDE_IN_FRAMEWORK_HEADER = YES;
				CLANG_WARN_RANGE_LOOP_ANALYSIS = YES;
				CLANG_WARN_STRICT_PROTOTYPES = YES;
				CLANG_WARN_SUSPICIOUS_MOVE = YES;
				CLANG_WARN_UNGUARDED_AVAILABILITY = YES_AGGRESSIVE;
				CLANG_WARN_UNREACHABLE_CODE = YES;
				CLANG_WARN__DUPLICATE_METHOD_MATCH = YES;
				COPY_PHASE_STRIP = NO;
				DEBUG_INFORMATION_FORMAT = "dwarf-with-dsym";
				ENABLE_NS_ASSERTIONS = NO;
				ENABLE_STRICT_OBJC_MSGSEND = YES;
				GCC_C_LANGUAGE_STANDARD = gnu11;
				GCC_NO_COMMON_BLOCKS = YES;
				GCC_WARN_64_TO_32_BIT_CONVERSION = YES;
				GCC_WARN_ABOUT_RETURN_TYPE = YES_ERROR;
				GCC_WARN_UNDECLARED_SELECTOR = YES;
				GCC_WARN_UNINITIALIZED_AUTOS = YES_AGGRESSIVE;
				GCC_WARN_UNUSED_FUNCTION = YES;
				GCC_WARN_UNUSED_VARIABLE = YES;
				IPHONEOS_DEPLOYMENT_TARGET = 15.4;
				MTL_ENABLE_DEBUG_INFO = NO;
				MTL_FAST_MATH = YES;
				SDKROOT = iphoneos;
				SWIFT_COMPILATION_MODE = wholemodule;
				SWIFT_OPTIMIZATION_LEVEL = "-O";
				VALIDATE_PRODUCT = YES;
			};
			name = Release;
		};
		1F909B752805DCE300DF11BF /* Debug */ = {
			isa = XCBuildConfiguration;
			buildSettings = {
				ASSETCATALOG_COMPILER_APPICON_NAME = AppIcon;
				ASSETCATALOG_COMPILER_GLOBAL_ACCENT_COLOR_NAME = AccentColor;
				CODE_SIGN_STYLE = Automatic;
				CURRENT_PROJECT_VERSION = 1;
				DEVELOPMENT_ASSET_PATHS = "\"SwiftUITextFieldValidation/Preview Content\"";
				DEVELOPMENT_TEAM = RE77T6J6G4;
				ENABLE_PREVIEWS = YES;
				GENERATE_INFOPLIST_FILE = YES;
				INFOPLIST_KEY_UIApplicationSceneManifest_Generation = YES;
				INFOPLIST_KEY_UIApplicationSupportsIndirectInputEvents = YES;
				INFOPLIST_KEY_UILaunchScreen_Generation = YES;
				INFOPLIST_KEY_UISupportedInterfaceOrientations_iPad = "UIInterfaceOrientationPortrait UIInterfaceOrientationPortraitUpsideDown UIInterfaceOrientationLandscapeLeft UIInterfaceOrientationLandscapeRight";
				INFOPLIST_KEY_UISupportedInterfaceOrientations_iPhone = "UIInterfaceOrientationPortrait UIInterfaceOrientationLandscapeLeft UIInterfaceOrientationLandscapeRight";
				LD_RUNPATH_SEARCH_PATHS = (
					"$(inherited)",
					"@executable_path/Frameworks",
				);
				MARKETING_VERSION = 1.0;
				PRODUCT_BUNDLE_IDENTIFIER = com.example.SwiftUITextFieldValidation;
				PRODUCT_NAME = "$(TARGET_NAME)";
				SWIFT_EMIT_LOC_STRINGS = YES;
				SWIFT_VERSION = 5.0;
				TARGETED_DEVICE_FAMILY = "1,2";
			};
			name = Debug;
		};
		1F909B762805DCE300DF11BF /* Release */ = {
			isa = XCBuildConfiguration;
			buildSettings = {
				ASSETCATALOG_COMPILER_APPICON_NAME = AppIcon;
				ASSETCATALOG_COMPILER_GLOBAL_ACCENT_COLOR_NAME = AccentColor;
				CODE_SIGN_STYLE = Automatic;
				CURRENT_PROJECT_VERSION = 1;
				DEVELOPMENT_ASSET_PATHS = "\"SwiftUITextFieldValidation/Preview Content\"";
				DEVELOPMENT_TEAM = RE77T6J6G4;
				ENABLE_PREVIEWS = YES;
				GENERATE_INFOPLIST_FILE = YES;
				INFOPLIST_KEY_UIApplicationSceneManifest_Generation = YES;
				INFOPLIST_KEY_UIApplicationSupportsIndirectInputEvents = YES;
				INFOPLIST_KEY_UILaunchScreen_Generation = YES;
				INFOPLIST_KEY_UISupportedInterfaceOrientations_iPad = "UIInterfaceOrientationPortrait UIInterfaceOrientationPortraitUpsideDown UIInterfaceOrientationLandscapeLeft UIInterfaceOrientationLandscapeRight";
				INFOPLIST_KEY_UISupportedInterfaceOrientations_iPhone = "UIInterfaceOrientationPortrait UIInterfaceOrientationLandscapeLeft UIInterfaceOrientationLandscapeRight";
				LD_RUNPATH_SEARCH_PATHS = (
					"$(inherited)",
					"@executable_path/Frameworks",
				);
				MARKETING_VERSION = 1.0;
				PRODUCT_BUNDLE_IDENTIFIER = com.example.SwiftUITextFieldValidation;
				PRODUCT_NAME = "$(TARGET_NAME)";
				SWIFT_EMIT_LOC_STRINGS = YES;
				SWIFT_VERSION = 5.0;
				TARGETED_DEVICE_FAMILY = "1,2";
			};
			name = Release;
		};
/* End XCBuildConfiguration section */

/* Begin XCConfigurationList section */
		1F909B612805DCE200DF11BF /* Build configuration list for PBXProject "SwiftUITextFieldValidation" */ = {
			isa = XCConfigurationList;
			buildConfigurations = (
				1F909B722805DCE300DF11BF /* Debug */,
				1F909B732805DCE300DF11BF /* Release */,
			);
			defaultConfigurationIsVisible = 0;
			defaultConfigurationName = Release;
		};
		1F909B742805DCE300DF11BF /* Build configuration list for PBXNativeTarget "SwiftUITextFieldValidation" */ = {
			isa = XCConfigurationList;
			buildConfigurations = (
				1F909B752805DCE300DF11BF /* Debug */,
				1F909B762805DCE300DF11BF /* Release */,
			);
			defaultConfigurationIsVisible = 0;
			defaultConfigurationName = Release;
		};
/* End XCConfigurationList section */

/* Begin XCVersionGroup section */
		1F909B772805DD4100DF11BF /* Model.xcdatamodeld */ = {
			isa = XCVersionGroup;
			children = (
				1F909B782805DD4100DF11BF /* Model.xcdatamodel */,
			);
			currentVersion = 1F909B782805DD4100DF11BF /* Model.xcdatamodel */;
			path = Model.xcdatamodeld;
			sourceTree = "<group>";
			versionGroupType = wrapper.xcdatamodel;
		};
/* End XCVersionGroup section */
	};
	rootObject = 1F909B5E2805DCE200DF11BF /* Project object */;
}
